// !$*UTF8*$!
{
	archiveVersion = 1;
	classes = {
	};
	objectVersion = 48;
	objects = {

/* Begin PBXBuildFile section */
		615ED6C9A766F8CD9CB91964 /* libPods-LoadMoreDBDemo.a in Frameworks */ = {isa = PBXBuildFile; fileRef = 59668E81D0599367B7CF3080 /* libPods-LoadMoreDBDemo.a */; };
		C2C77CDE20EE13F70057E6C7 /* AppDelegate.m in Sources */ = {isa = PBXBuildFile; fileRef = C2C77CDD20EE13F70057E6C7 /* AppDelegate.m */; };
		C2C77CE120EE13F70057E6C7 /* ViewController.m in Sources */ = {isa = PBXBuildFile; fileRef = C2C77CE020EE13F70057E6C7 /* ViewController.m */; };
		C2C77CE420EE13F70057E6C7 /* Main.storyboard in Resources */ = {isa = PBXBuildFile; fileRef = C2C77CE220EE13F70057E6C7 /* Main.storyboard */; };
		C2C77CE620EE13F70057E6C7 /* Assets.xcassets in Resources */ = {isa = PBXBuildFile; fileRef = C2C77CE520EE13F70057E6C7 /* Assets.xcassets */; };
		C2C77CE920EE13F70057E6C7 /* LaunchScreen.storyboard in Resources */ = {isa = PBXBuildFile; fileRef = C2C77CE720EE13F70057E6C7 /* LaunchScreen.storyboard */; };
		C2C77CEC20EE13F70057E6C7 /* main.m in Sources */ = {isa = PBXBuildFile; fileRef = C2C77CEB20EE13F70057E6C7 /* main.m */; };
		C2C77CF520EE174C0057E6C7 /* LoadMoreDB.m in Sources */ = {isa = PBXBuildFile; fileRef = C2C77CF420EE174C0057E6C7 /* LoadMoreDB.m */; };
		C2C77CF820EE1BF20057E6C7 /* TextModel.m in Sources */ = {isa = PBXBuildFile; fileRef = C2C77CF720EE1BF20057E6C7 /* TextModel.m */; };
		C2C77CFC20EE1F5A0057E6C7 /* TextCell.m in Sources */ = {isa = PBXBuildFile; fileRef = C2C77CFA20EE1F5A0057E6C7 /* TextCell.m */; };
		C2C77CFD20EE1F5A0057E6C7 /* TextCell.xib in Resources */ = {isa = PBXBuildFile; fileRef = C2C77CFB20EE1F5A0057E6C7 /* TextCell.xib */; };
/* End PBXBuildFile section */

/* Begin PBXFileReference section */
		555C0CD2329F16AB8909AA87 /* Pods-LoadMoreDBDemo.release.xcconfig */ = {isa = PBXFileReference; includeInIndex = 1; lastKnownFileType = text.xcconfig; name = "Pods-LoadMoreDBDemo.release.xcconfig"; path = "Pods/Target Support Files/Pods-LoadMoreDBDemo/Pods-LoadMoreDBDemo.release.xcconfig"; sourceTree = "<group>"; };
		59668E81D0599367B7CF3080 /* libPods-LoadMoreDBDemo.a */ = {isa = PBXFileReference; explicitFileType = archive.ar; includeInIndex = 0; path = "libPods-LoadMoreDBDemo.a"; sourceTree = BUILT_PRODUCTS_DIR; };
		C2C77CD920EE13F70057E6C7 /* LoadMoreDBDemo.app */ = {isa = PBXFileReference; explicitFileType = wrapper.application; includeInIndex = 0; path = LoadMoreDBDemo.app; sourceTree = BUILT_PRODUCTS_DIR; };
		C2C77CDC20EE13F70057E6C7 /* AppDelegate.h */ = {isa = PBXFileReference; lastKnownFileType = sourcecode.c.h; path = AppDelegate.h; sourceTree = "<group>"; };
		C2C77CDD20EE13F70057E6C7 /* AppDelegate.m */ = {isa = PBXFileReference; lastKnownFileType = sourcecode.c.objc; path = AppDelegate.m; sourceTree = "<group>"; };
		C2C77CDF20EE13F70057E6C7 /* ViewController.h */ = {isa = PBXFileReference; lastKnownFileType = sourcecode.c.h; path = ViewController.h; sourceTree = "<group>"; };
		C2C77CE020EE13F70057E6C7 /* ViewController.m */ = {isa = PBXFileReference; lastKnownFileType = sourcecode.c.objc; path = ViewController.m; sourceTree = "<group>"; };
		C2C77CE320EE13F70057E6C7 /* Base */ = {isa = PBXFileReference; lastKnownFileType = file.storyboard; name = Base; path = Base.lproj/Main.storyboard; sourceTree = "<group>"; };
		C2C77CE520EE13F70057E6C7 /* Assets.xcassets */ = {isa = PBXFileReference; lastKnownFileType = folder.assetcatalog; path = Assets.xcassets; sourceTree = "<group>"; };
		C2C77CE820EE13F70057E6C7 /* Base */ = {isa = PBXFileReference; lastKnownFileType = file.storyboard; name = Base; path = Base.lproj/LaunchScreen.storyboard; sourceTree = "<group>"; };
		C2C77CEA20EE13F70057E6C7 /* Info.plist */ = {isa = PBXFileReference; lastKnownFileType = text.plist.xml; path = Info.plist; sourceTree = "<group>"; };
		C2C77CEB20EE13F70057E6C7 /* main.m */ = {isa = PBXFileReference; lastKnownFileType = sourcecode.c.objc; path = main.m; sourceTree = "<group>"; };
		C2C77CF320EE174C0057E6C7 /* LoadMoreDB.h */ = {isa = PBXFileReference; lastKnownFileType = sourcecode.c.h; path = LoadMoreDB.h; sourceTree = "<group>"; };
		C2C77CF420EE174C0057E6C7 /* LoadMoreDB.m */ = {isa = PBXFileReference; lastKnownFileType = sourcecode.c.objc; path = LoadMoreDB.m; sourceTree = "<group>"; };
		C2C77CF620EE1BF20057E6C7 /* TextModel.h */ = {isa = PBXFileReference; lastKnownFileType = sourcecode.c.h; path = TextModel.h; sourceTree = "<group>"; };
		C2C77CF720EE1BF20057E6C7 /* TextModel.m */ = {isa = PBXFileReference; lastKnownFileType = sourcecode.c.objc; path = TextModel.m; sourceTree = "<group>"; };
		C2C77CF920EE1F5A0057E6C7 /* TextCell.h */ = {isa = PBXFileReference; lastKnownFileType = sourcecode.c.h; path = TextCell.h; sourceTree = "<group>"; };
		C2C77CFA20EE1F5A0057E6C7 /* TextCell.m */ = {isa = PBXFileReference; lastKnownFileType = sourcecode.c.objc; path = TextCell.m; sourceTree = "<group>"; };
		C2C77CFB20EE1F5A0057E6C7 /* TextCell.xib */ = {isa = PBXFileReference; lastKnownFileType = file.xib; path = TextCell.xib; sourceTree = "<group>"; };
		F82D5AC2695A33D60911C2B5 /* Pods-LoadMoreDBDemo.debug.xcconfig */ = {isa = PBXFileReference; includeInIndex = 1; lastKnownFileType = text.xcconfig; name = "Pods-LoadMoreDBDemo.debug.xcconfig"; path = "Pods/Target Support Files/Pods-LoadMoreDBDemo/Pods-LoadMoreDBDemo.debug.xcconfig"; sourceTree = "<group>"; };
/* End PBXFileReference section */

/* Begin PBXFrameworksBuildPhase section */
		C2C77CD620EE13F70057E6C7 /* Frameworks */ = {
			isa = PBXFrameworksBuildPhase;
			buildActionMask = 2147483647;
			files = (
				615ED6C9A766F8CD9CB91964 /* libPods-LoadMoreDBDemo.a in Frameworks */,
			);
			runOnlyForDeploymentPostprocessing = 0;
		};
/* End PBXFrameworksBuildPhase section */

/* Begin PBXGroup section */
		96A5F20A4AFBBE8DA13F04C0 /* Frameworks */ = {
			isa = PBXGroup;
			children = (
				59668E81D0599367B7CF3080 /* libPods-LoadMoreDBDemo.a */,
			);
			name = Frameworks;
			sourceTree = "<group>";
		};
		C2C77CD020EE13F70057E6C7 = {
			isa = PBXGroup;
			children = (
				C2C77CDB20EE13F70057E6C7 /* LoadMoreDBDemo */,
				C2C77CDA20EE13F70057E6C7 /* Products */,
				CCC0DAF03B530C3CFDE5DFA2 /* Pods */,
				96A5F20A4AFBBE8DA13F04C0 /* Frameworks */,
			);
			sourceTree = "<group>";
		};
		C2C77CDA20EE13F70057E6C7 /* Products */ = {
			isa = PBXGroup;
			children = (
				C2C77CD920EE13F70057E6C7 /* LoadMoreDBDemo.app */,
			);
			name = Products;
			sourceTree = "<group>";
		};
		C2C77CDB20EE13F70057E6C7 /* LoadMoreDBDemo */ = {
			isa = PBXGroup;
			children = (
				C2C77CF220EE17300057E6C7 /* LoadMoreDB */,
				C2C77CDC20EE13F70057E6C7 /* AppDelegate.h */,
				C2C77CDD20EE13F70057E6C7 /* AppDelegate.m */,
				C2C77CDF20EE13F70057E6C7 /* ViewController.h */,
				C2C77CE020EE13F70057E6C7 /* ViewController.m */,
				C2C77CF920EE1F5A0057E6C7 /* TextCell.h */,
				C2C77CFA20EE1F5A0057E6C7 /* TextCell.m */,
				C2C77CFB20EE1F5A0057E6C7 /* TextCell.xib */,
				C2C77CE220EE13F70057E6C7 /* Main.storyboard */,
				C2C77CE520EE13F70057E6C7 /* Assets.xcassets */,
				C2C77CE720EE13F70057E6C7 /* LaunchScreen.storyboard */,
				C2C77CEA20EE13F70057E6C7 /* Info.plist */,
				C2C77CEB20EE13F70057E6C7 /* main.m */,
			);
			path = LoadMoreDBDemo;
			sourceTree = "<group>";
		};
		C2C77CF220EE17300057E6C7 /* LoadMoreDB */ = {
			isa = PBXGroup;
			children = (
				C2C77CF320EE174C0057E6C7 /* LoadMoreDB.h */,
				C2C77CF420EE174C0057E6C7 /* LoadMoreDB.m */,
				C2C77CF620EE1BF20057E6C7 /* TextModel.h */,
				C2C77CF720EE1BF20057E6C7 /* TextModel.m */,
			);
			path = LoadMoreDB;
			sourceTree = "<group>";
		};
		CCC0DAF03B530C3CFDE5DFA2 /* Pods */ = {
			isa = PBXGroup;
			children = (
				F82D5AC2695A33D60911C2B5 /* Pods-LoadMoreDBDemo.debug.xcconfig */,
				555C0CD2329F16AB8909AA87 /* Pods-LoadMoreDBDemo.release.xcconfig */,
			);
			name = Pods;
			sourceTree = "<group>";
		};
/* End PBXGroup section */

/* Begin PBXNativeTarget section */
		C2C77CD820EE13F70057E6C7 /* LoadMoreDBDemo */ = {
			isa = PBXNativeTarget;
			buildConfigurationList = C2C77CEF20EE13F70057E6C7 /* Build configuration list for PBXNativeTarget "LoadMoreDBDemo" */;
			buildPhases = (
				8903874F815B94489C2C64FC /* [CP] Check Pods Manifest.lock */,
				C2C77CD520EE13F70057E6C7 /* Sources */,
				C2C77CD620EE13F70057E6C7 /* Frameworks */,
				C2C77CD720EE13F70057E6C7 /* Resources */,
				4B6FE2F21C6F46741CA2DFAD /* [CP] Copy Pods Resources */,
			);
			buildRules = (
			);
			dependencies = (
			);
			name = LoadMoreDBDemo;
			productName = LoadMoreDBDemo;
			productReference = C2C77CD920EE13F70057E6C7 /* LoadMoreDBDemo.app */;
			productType = "com.apple.product-type.application";
		};
/* End PBXNativeTarget section */

/* Begin PBXProject section */
		C2C77CD120EE13F70057E6C7 /* Project object */ = {
			isa = PBXProject;
			attributes = {
				LastUpgradeCheck = 0910;
				ORGANIZATIONNAME = do;
				TargetAttributes = {
					C2C77CD820EE13F70057E6C7 = {
						CreatedOnToolsVersion = 9.1;
						ProvisioningStyle = Manual;
					};
				};
			};
			buildConfigurationList = C2C77CD420EE13F70057E6C7 /* Build configuration list for PBXProject "LoadMoreDBDemo" */;
			compatibilityVersion = "Xcode 8.0";
			developmentRegion = en;
			hasScannedForEncodings = 0;
			knownRegions = (
				en,
				Base,
			);
			mainGroup = C2C77CD020EE13F70057E6C7;
			productRefGroup = C2C77CDA20EE13F70057E6C7 /* Products */;
			projectDirPath = "";
			projectRoot = "";
			targets = (
				C2C77CD820EE13F70057E6C7 /* LoadMoreDBDemo */,
			);
		};
/* End PBXProject section */

/* Begin PBXResourcesBuildPhase section */
		C2C77CD720EE13F70057E6C7 /* Resources */ = {
			isa = PBXResourcesBuildPhase;
			buildActionMask = 2147483647;
			files = (
				C2C77CE920EE13F70057E6C7 /* LaunchScreen.storyboard in Resources */,
				C2C77CE620EE13F70057E6C7 /* Assets.xcassets in Resources */,
				C2C77CFD20EE1F5A0057E6C7 /* TextCell.xib in Resources */,
				C2C77CE420EE13F70057E6C7 /* Main.storyboard in Resources */,
			);
			runOnlyForDeploymentPostprocessing = 0;
		};
/* End PBXResourcesBuildPhase section */

/* Begin PBXShellScriptBuildPhase section */
		4B6FE2F21C6F46741CA2DFAD /* [CP] Copy Pods Resources */ = {
			isa = PBXShellScriptBuildPhase;
			buildActionMask = 2147483647;
			files = (
			);
			inputPaths = (
				"${SRCROOT}/Pods/Target Support Files/Pods-LoadMoreDBDemo/Pods-LoadMoreDBDemo-resources.sh",
				"${PODS_ROOT}/MJRefresh/MJRefresh/MJRefresh.bundle",
			);
			name = "[CP] Copy Pods Resources";
			outputPaths = (
				"${TARGET_BUILD_DIR}/${UNLOCALIZED_RESOURCES_FOLDER_PATH}/MJRefresh.bundle",
			);
			runOnlyForDeploymentPostprocessing = 0;
			shellPath = /bin/sh;
			shellScript = "\"${SRCROOT}/Pods/Target Support Files/Pods-LoadMoreDBDemo/Pods-LoadMoreDBDemo-resources.sh\"\n";
			showEnvVarsInLog = 0;
		};
		8903874F815B94489C2C64FC /* [CP] Check Pods Manifest.lock */ = {
			isa = PBXShellScriptBuildPhase;
			buildActionMask = 2147483647;
			files = (
			);
			inputPaths = (
				"${PODS_PODFILE_DIR_PATH}/Podfile.lock",
				"${PODS_ROOT}/Manifest.lock",
			);
			name = "[CP] Check Pods Manifest.lock";
			outputPaths = (
				"$(DERIVED_FILE_DIR)/Pods-LoadMoreDBDemo-checkManifestLockResult.txt",
			);
			runOnlyForDeploymentPostprocessing = 0;
			shellPath = /bin/sh;
			shellScript = "diff \"${PODS_PODFILE_DIR_PATH}/Podfile.lock\" \"${PODS_ROOT}/Manifest.lock\" > /dev/null\nif [ $? != 0 ] ; then\n    # print error to STDERR\n    echo \"error: The sandbox is not in sync with the Podfile.lock. Run 'pod install' or update your CocoaPods installation.\" >&2\n    exit 1\nfi\n# This output is used by Xcode 'outputs' to avoid re-running this script phase.\necho \"SUCCESS\" > \"${SCRIPT_OUTPUT_FILE_0}\"\n";
			showEnvVarsInLog = 0;
		};
/* End PBXShellScriptBuildPhase section */

/* Begin PBXSourcesBuildPhase section */
		C2C77CD520EE13F70057E6C7 /* Sources */ = {
			isa = PBXSourcesBuildPhase;
			buildActionMask = 2147483647;
			files = (
				C2C77CFC20EE1F5A0057E6C7 /* TextCell.m in Sources */,
				C2C77CF520EE174C0057E6C7 /* LoadMoreDB.m in Sources */,
				C2C77CE120EE13F70057E6C7 /* ViewController.m in Sources */,
				C2C77CF820EE1BF20057E6C7 /* TextModel.m in Sources */,
				C2C77CEC20EE13F70057E6C7 /* main.m in Sources */,
				C2C77CDE20EE13F70057E6C7 /* AppDelegate.m in Sources */,
			);
			runOnlyForDeploymentPostprocessing = 0;
		};
/* End PBXSourcesBuildPhase section */

/* Begin PBXVariantGroup section */
		C2C77CE220EE13F70057E6C7 /* Main.storyboard */ = {
			isa = PBXVariantGroup;
			children = (
				C2C77CE320EE13F70057E6C7 /* Base */,
			);
			name = Main.storyboard;
			sourceTree = "<group>";
		};
		C2C77CE720EE13F70057E6C7 /* LaunchScreen.storyboard */ = {
			isa = PBXVariantGroup;
			children = (
				C2C77CE820EE13F70057E6C7 /* Base */,
			);
			name = LaunchScreen.storyboard;
			sourceTree = "<group>";
		};
/* End PBXVariantGroup section */

/* Begin XCBuildConfiguration section */
		C2C77CED20EE13F70057E6C7 /* Debug */ = {
			isa = XCBuildConfiguration;
			buildSettings = {
				ALWAYS_SEARCH_USER_PATHS = NO;
				CLANG_ANALYZER_NONNULL = YES;
				CLANG_ANALYZER_NUMBER_OBJECT_CONVERSION = YES_AGGRESSIVE;
				CLANG_CXX_LANGUAGE_STANDARD = "gnu++14";
				CLANG_CXX_LIBRARY = "libc++";
				CLANG_ENABLE_MODULES = YES;
				CLANG_ENABLE_OBJC_ARC = YES;
				CLANG_WARN_BLOCK_CAPTURE_AUTORELEASING = YES;
				CLANG_WARN_BOOL_CONVERSION = YES;
				CLANG_WARN_COMMA = YES;
				CLANG_WARN_CONSTANT_CONVERSION = YES;
				CLANG_WARN_DIRECT_OBJC_ISA_USAGE = YES_ERROR;
				CLANG_WARN_DOCUMENTATION_COMMENTS = YES;
				CLANG_WARN_EMPTY_BODY = YES;
				CLANG_WARN_ENUM_CONVERSION = YES;
				CLANG_WARN_INFINITE_RECURSION = YES;
				CLANG_WARN_INT_CONVERSION = YES;
				CLANG_WARN_NON_LITERAL_NULL_CONVERSION = YES;
				CLANG_WARN_OBJC_LITERAL_CONVERSION = YES;
				CLANG_WARN_OBJC_ROOT_CLASS = YES_ERROR;
				CLANG_WARN_RANGE_LOOP_ANALYSIS = YES;
				CLANG_WARN_STRICT_PROTOTYPES = YES;
				CLANG_WARN_SUSPICIOUS_MOVE = YES;
				CLANG_WARN_UNGUARDED_AVAILABILITY = YES_AGGRESSIVE;
				CLANG_WARN_UNREACHABLE_CODE = YES;
				CLANG_WARN__DUPLICATE_METHOD_MATCH = YES;
				CODE_SIGN_IDENTITY = "iPhone Developer";
				COPY_PHASE_STRIP = NO;
				DEBUG_INFORMATION_FORMAT = dwarf;
				ENABLE_STRICT_OBJC_MSGSEND = YES;
				ENABLE_TESTABILITY = YES;
				GCC_C_LANGUAGE_STANDARD = gnu11;
				GCC_DYNAMIC_NO_PIC = NO;
				GCC_NO_COMMON_BLOCKS = YES;
				GCC_OPTIMIZATION_LEVEL = 0;
				GCC_PREPROCESSOR_DEFINITIONS = (
					"DEBUG=1",
					"$(inherited)",
				);
				GCC_WARN_64_TO_32_BIT_CONVERSION = YES;
				GCC_WARN_ABOUT_RETURN_TYPE = YES_ERROR;
				GCC_WARN_UNDECLARED_SELECTOR = YES;
				GCC_WARN_UNINITIALIZED_AUTOS = YES_AGGRESSIVE;
				GCC_WARN_UNUSED_FUNCTION = YES;
				GCC_WARN_UNUSED_VARIABLE = YES;
				IPHONEOS_DEPLOYMENT_TARGET = 8.0;
				MTL_ENABLE_DEBUG_INFO = YES;
				ONLY_ACTIVE_ARCH = YES;
				SDKROOT = iphoneos;
			};
			name = Debug;
		};
		C2C77CEE20EE13F70057E6C7 /* Release */ = {
			isa = XCBuildConfiguration;
			buildSettings = {
				ALWAYS_SEARCH_USER_PATHS = NO;
				CLANG_ANALYZER_NONNULL = YES;
				CLANG_ANALYZER_NUMBER_OBJECT_CONVERSION = YES_AGGRESSIVE;
				CLANG_CXX_LANGUAGE_STANDARD = "gnu++14";
				CLANG_CXX_LIBRARY = "libc++";
				CLANG_ENABLE_MODULES = YES;
				CLANG_ENABLE_OBJC_ARC = YES;
				CLANG_WARN_BLOCK_CAPTURE_AUTORELEASING = YES;
				CLANG_WARN_BOOL_CONVERSION = YES;
				CLANG_WARN_COMMA = YES;
				CLANG_WARN_CONSTANT_CONVERSION = YES;
				CLANG_WARN_DIRECT_OBJC_ISA_USAGE = YES_ERROR;
				CLANG_WARN_DOCUMENTATION_COMMENTS = YES;
				CLANG_WARN_EMPTY_BODY = YES;
				CLANG_WARN_ENUM_CONVERSION = YES;
				CLANG_WARN_INFINITE_RECURSION = YES;
				CLANG_WARN_INT_CONVERSION = YES;
				CLANG_WARN_NON_LITERAL_NULL_CONVERSION = YES;
				CLANG_WARN_OBJC_LITERAL_CONVERSION = YES;
				CLANG_WARN_OBJC_ROOT_CLASS = YES_ERROR;
				CLANG_WARN_RANGE_LOOP_ANALYSIS = YES;
				CLANG_WARN_STRICT_PROTOTYPES = YES;
				CLANG_WARN_SUSPICIOUS_MOVE = YES;
				CLANG_WARN_UNGUARDED_AVAILABILITY = YES_AGGRESSIVE;
				CLANG_WARN_UNREACHABLE_CODE = YES;
				CLANG_WARN__DUPLICATE_METHOD_MATCH = YES;
				CODE_SIGN_IDENTITY = "iPhone Developer";
				COPY_PHASE_STRIP = NO;
				DEBUG_INFORMATION_FORMAT = "dwarf-with-dsym";
				ENABLE_NS_ASSERTIONS = NO;
				ENABLE_STRICT_OBJC_MSGSEND = YES;
				GCC_C_LANGUAGE_STANDARD = gnu11;
				GCC_NO_COMMON_BLOCKS = YES;
				GCC_WARN_64_TO_32_BIT_CONVERSION = YES;
				GCC_WARN_ABOUT_RETURN_TYPE = YES_ERROR;
				GCC_WARN_UNDECLARED_SELECTOR = YES;
				GCC_WARN_UNINITIALIZED_AUTOS = YES_AGGRESSIVE;
				GCC_WARN_UNUSED_FUNCTION = YES;
				GCC_WARN_UNUSED_VARIABLE = YES;
				IPHONEOS_DEPLOYMENT_TARGET = 8.0;
				MTL_ENABLE_DEBUG_INFO = NO;
				SDKROOT = iphoneos;
				VALIDATE_PRODUCT = YES;
			};
			name = Release;
		};
		C2C77CF020EE13F70057E6C7 /* Debug */ = {
			isa = XCBuildConfiguration;
			baseConfigurationReference = F82D5AC2695A33D60911C2B5 /* Pods-LoadMoreDBDemo.debug.xcconfig */;
			buildSettings = {
				ASSETCATALOG_COMPILER_APPICON_NAME = AppIcon;
				CODE_SIGN_STYLE = Manual;
				DEVELOPMENT_TEAM = "";
				INFOPLIST_FILE = LoadMoreDBDemo/Info.plist;
				LD_RUNPATH_SEARCH_PATHS = "$(inherited) @executable_path/Frameworks";
				PRODUCT_BUNDLE_IDENTIFIER = com.LoadMoreDB.com.LoadMoreDBDemo;
				PRODUCT_NAME = "$(TARGET_NAME)";
				PROVISIONING_PROFILE_SPECIFIER = "";
				TARGETED_DEVICE_FAMILY = "1,2";
			};
			name = Debug;
		};
		C2C77CF120EE13F70057E6C7 /* Release */ = {
			isa = XCBuildConfiguration;
			baseConfigurationReference = 555C0CD2329F16AB8909AA87 /* Pods-LoadMoreDBDemo.release.xcconfig */;
			buildSettings = {
				ASSETCATALOG_COMPILER_APPICON_NAME = AppIcon;
				CODE_SIGN_STYLE = Manual;
				DEVELOPMENT_TEAM = "";
				INFOPLIST_FILE = LoadMoreDBDemo/Info.plist;
				LD_RUNPATH_SEARCH_PATHS = "$(inherited) @executable_path/Frameworks";
				PRODUCT_BUNDLE_IDENTIFIER = com.LoadMoreDB.com.LoadMoreDBDemo;
				PRODUCT_NAME = "$(TARGET_NAME)";
				PROVISIONING_PROFILE_SPECIFIER = "";
				TARGETED_DEVICE_FAMILY = "1,2";
			};
			name = Release;
		};
/* End XCBuildConfiguration section */

/* Begin XCConfigurationList section */
		C2C77CD420EE13F70057E6C7 /* Build configuration list for PBXProject "LoadMoreDBDemo" */ = {
			isa = XCConfigurationList;
			buildConfigurations = (
				C2C77CED20EE13F70057E6C7 /* Debug */,
				C2C77CEE20EE13F70057E6C7 /* Release */,
			);
			defaultConfigurationIsVisible = 0;
			defaultConfigurationName = Release;
		};
		C2C77CEF20EE13F70057E6C7 /* Build configuration list for PBXNativeTarget "LoadMoreDBDemo" */ = {
			isa = XCConfigurationList;
			buildConfigurations = (
				C2C77CF020EE13F70057E6C7 /* Debug */,
				C2C77CF120EE13F70057E6C7 /* Release */,
			);
			defaultConfigurationIsVisible = 0;
			defaultConfigurationName = Release;
		};
/* End XCConfigurationList section */
	};
	rootObject = C2C77CD120EE13F70057E6C7 /* Project object */;
}
